Microsoft Visual Studio Solution File, Format Version 12.00
# Visual Studio Version 17
VisualStudioVersion = 17.13.35806.99
MinimumVisualStudioVersion = 10.0.40219.1
Project("{FAE04EC0-301F-11D3-BF4B-00C04F79EFBC}") = "OWO_Rumble", "OWO_Rumble.csproj", "{93BDAE48-A985-4DFD-A56F-BE7008A166F0}"
EndProject
Global
	GlobalSection(SolutionConfigurationPlatforms) = preSolution
		Debug|Any CPU = Debug|Any CPU
		Release|Any CPU = Release|Any CPU
	EndGlobalSection
	GlobalSection(ProjectConfigurationPlatforms) = postSolution
		{93BDAE48-A985-4DFD-A56F-BE7008A166F0}.Debug|Any CPU.ActiveCfg = Debug|Any CPU
		{93BDAE48-A985-4DFD-A56F-BE7008A166F0}.Debug|Any CPU.Build.0 = Debug|Any CPU
		{93BDAE48-A985-4DFD-A56F-BE7008A166F0}.Release|Any CPU.ActiveCfg = Release|Any CPU
		{93BDAE48-A985-4DFD-A56F-BE7008A166F0}.Release|Any CPU.Build.0 = Release|Any CPU
	EndGlobalSection
	GlobalSection(SolutionProperties) = preSolution
		HideSolutionNode = FALSE
	EndGlobalSection
	GlobalSection(ExtensibilityGlobals) = postSolution
		SolutionGuid = {20EAE01A-767E-4B52-B3B8-A46A20785B1E}
	EndGlobalSection
EndGlobal
